// !$*UTF8*$!
{
	archiveVersion = 1;
	classes = {
	};
	objectVersion = 56;
	objects = {

/* Begin PBXBuildFile section */
		83EA6A062C13D8F40092F554 /* Base in Resources */ = {isa = PBXBuildFile; fileRef = 83EA6A052C13D8F40092F554 /* Base */; };
		83EA6A0D2C13D8F50092F554 /* main.mm in Sources */ = {isa = PBXBuildFile; fileRef = 83EA6A0C2C13D8F50092F554 /* main.mm */; };
		83EA6A222C141D7C0092F554 /* Metal.framework in Frameworks */ = {isa = PBXBuildFile; fileRef = 83EA6A212C141D7C0092F554 /* Metal.framework */; };
		83EA6A242C141D820092F554 /* UIKit.framework in Frameworks */ = {isa = PBXBuildFile; fileRef = 83EA6A232C141D820092F554 /* UIKit.framework */; };
		BCF0C6262C73D8B0008F6296 /* ImageIO.framework in Frameworks */ = {isa = PBXBuildFile; fileRef = BCF0C6252C73D8B0008F6296 /* ImageIO.framework */; };
		BCF0C6272C73D8D4008F6296 /* CoreGraphics.framework in Frameworks */ = {isa = PBXBuildFile; fileRef = F274FCA52C51A75B0067CA38 /* CoreGraphics.framework */; };
		F274FCA82C51A7620067CA38 /* CoreText.framework in Frameworks */ = {isa = PBXBuildFile; fileRef = F274FCA72C51A7620067CA38 /* CoreText.framework */; };
/* End PBXBuildFile section */

/* Begin PBXFileReference section */
		83EA69F52C13D8F40092F554 /* rive_ios_tests.app */ = {isa = PBXFileReference; explicitFileType = wrapper.application; includeInIndex = 0; path = rive_ios_tests.app; sourceTree = BUILT_PRODUCTS_DIR; };
		83EA6A052C13D8F40092F554 /* Base */ = {isa = PBXFileReference; lastKnownFileType = file.storyboard; name = Base; path = Base.lproj/Main.storyboard; sourceTree = "<group>"; };
		83EA6A0C2C13D8F50092F554 /* main.mm */ = {isa = PBXFileReference; lastKnownFileType = sourcecode.cpp.objcpp; path = main.mm; sourceTree = "<group>"; };
		83EA6A212C141D7C0092F554 /* Metal.framework */ = {isa = PBXFileReference; lastKnownFileType = wrapper.framework; name = Metal.framework; path = System/Library/Frameworks/Metal.framework; sourceTree = SDKROOT; };
		83EA6A232C141D820092F554 /* UIKit.framework */ = {isa = PBXFileReference; lastKnownFileType = wrapper.framework; name = UIKit.framework; path = System/Library/Frameworks/UIKit.framework; sourceTree = SDKROOT; };
		BCF0C6252C73D8B0008F6296 /* ImageIO.framework */ = {isa = PBXFileReference; lastKnownFileType = wrapper.framework; name = ImageIO.framework; path = System/Library/Frameworks/ImageIO.framework; sourceTree = SDKROOT; };
		F274FCA52C51A75B0067CA38 /* CoreGraphics.framework */ = {isa = PBXFileReference; lastKnownFileType = wrapper.framework; name = CoreGraphics.framework; path = System/Library/Frameworks/CoreGraphics.framework; sourceTree = SDKROOT; };
		F274FCA72C51A7620067CA38 /* CoreText.framework */ = {isa = PBXFileReference; lastKnownFileType = wrapper.framework; name = CoreText.framework; path = System/Library/Frameworks/CoreText.framework; sourceTree = SDKROOT; };
/* End PBXFileReference section */

/* Begin PBXFrameworksBuildPhase section */
		83EA69F22C13D8F40092F554 /* Frameworks */ = {
			isa = PBXFrameworksBuildPhase;
			buildActionMask = 2147483647;
			files = (
				BCF0C6272C73D8D4008F6296 /* CoreGraphics.framework in Frameworks */,
				BCF0C6262C73D8B0008F6296 /* ImageIO.framework in Frameworks */,
				F274FCA82C51A7620067CA38 /* CoreText.framework in Frameworks */,
				83EA6A242C141D820092F554 /* UIKit.framework in Frameworks */,
				83EA6A222C141D7C0092F554 /* Metal.framework in Frameworks */,
			);
			runOnlyForDeploymentPostprocessing = 0;
		};
/* End PBXFrameworksBuildPhase section */

/* Begin PBXGroup section */
		83EA69EC2C13D8F40092F554 = {
			isa = PBXGroup;
			children = (
				83EA69F72C13D8F40092F554 /* ios_tests */,
				83EA69F62C13D8F40092F554 /* Products */,
				83EA6A202C141D7C0092F554 /* Frameworks */,
			);
			sourceTree = "<group>";
		};
		83EA69F62C13D8F40092F554 /* Products */ = {
			isa = PBXGroup;
			children = (
				83EA69F52C13D8F40092F554 /* rive_ios_tests.app */,
			);
			name = Products;
			sourceTree = "<group>";
		};
		83EA69F72C13D8F40092F554 /* ios_tests */ = {
			isa = PBXGroup;
			children = (
				83EA6A042C13D8F40092F554 /* Main.storyboard */,
				83EA6A0C2C13D8F50092F554 /* main.mm */,
			);
			path = ios_tests;
			sourceTree = "<group>";
		};
		83EA6A202C141D7C0092F554 /* Frameworks */ = {
			isa = PBXGroup;
			children = (
				BCF0C6252C73D8B0008F6296 /* ImageIO.framework */,
				F274FCA72C51A7620067CA38 /* CoreText.framework */,
				F274FCA52C51A75B0067CA38 /* CoreGraphics.framework */,
				83EA6A232C141D820092F554 /* UIKit.framework */,
				83EA6A212C141D7C0092F554 /* Metal.framework */,
			);
			name = Frameworks;
			sourceTree = "<group>";
		};
/* End PBXGroup section */

/* Begin PBXNativeTarget section */
		83EA69F42C13D8F40092F554 /* ios_tests */ = {
			isa = PBXNativeTarget;
			buildConfigurationList = 83EA6A102C13D8F50092F554 /* Build configuration list for PBXNativeTarget "ios_tests" */;
			buildPhases = (
				83EA69F12C13D8F40092F554 /* Sources */,
				83EA69F22C13D8F40092F554 /* Frameworks */,
				83EA69F32C13D8F40092F554 /* Resources */,
			);
			buildRules = (
			);
			dependencies = (
			);
			name = ios_tests;
			productName = ios_gold;
			productReference = 83EA69F52C13D8F40092F554 /* rive_ios_tests.app */;
			productType = "com.apple.product-type.application";
		};
/* End PBXNativeTarget section */

/* Begin PBXProject section */
		83EA69ED2C13D8F40092F554 /* Project object */ = {
			isa = PBXProject;
			attributes = {
				BuildIndependentTargetsInParallel = 1;
				LastUpgradeCheck = 1540;
				TargetAttributes = {
					83EA69F42C13D8F40092F554 = {
						CreatedOnToolsVersion = 15.4;
					};
				};
			};
			buildConfigurationList = 83EA69F02C13D8F40092F554 /* Build configuration list for PBXProject "ios_tests" */;
			compatibilityVersion = "Xcode 14.0";
			developmentRegion = en;
			hasScannedForEncodings = 0;
			knownRegions = (
				en,
				Base,
			);
			mainGroup = 83EA69EC2C13D8F40092F554;
			productRefGroup = 83EA69F62C13D8F40092F554 /* Products */;
			projectDirPath = "";
			projectRoot = "";
			targets = (
				83EA69F42C13D8F40092F554 /* ios_tests */,
			);
		};
/* End PBXProject section */

/* Begin PBXResourcesBuildPhase section */
		83EA69F32C13D8F40092F554 /* Resources */ = {
			isa = PBXResourcesBuildPhase;
			buildActionMask = 2147483647;
			files = (
				83EA6A062C13D8F40092F554 /* Base in Resources */,
			);
			runOnlyForDeploymentPostprocessing = 0;
		};
/* End PBXResourcesBuildPhase section */

/* Begin PBXSourcesBuildPhase section */
		83EA69F12C13D8F40092F554 /* Sources */ = {
			isa = PBXSourcesBuildPhase;
			buildActionMask = 2147483647;
			files = (
				83EA6A0D2C13D8F50092F554 /* main.mm in Sources */,
			);
			runOnlyForDeploymentPostprocessing = 0;
		};
/* End PBXSourcesBuildPhase section */

/* Begin PBXVariantGroup section */
		83EA6A042C13D8F40092F554 /* Main.storyboard */ = {
			isa = PBXVariantGroup;
			children = (
				83EA6A052C13D8F40092F554 /* Base */,
			);
			name = Main.storyboard;
			sourceTree = "<group>";
		};
/* End PBXVariantGroup section */

/* Begin XCBuildConfiguration section */
		83EA6A0E2C13D8F50092F554 /* Debug */ = {
			isa = XCBuildConfiguration;
			buildSettings = {
				ALWAYS_SEARCH_USER_PATHS = NO;
				ASSETCATALOG_COMPILER_GENERATE_SWIFT_ASSET_SYMBOL_EXTENSIONS = YES;
				CLANG_ANALYZER_NONNULL = YES;
				CLANG_ANALYZER_NUMBER_OBJECT_CONVERSION = YES_AGGRESSIVE;
				CLANG_CXX_LANGUAGE_STANDARD = "gnu++20";
				CLANG_ENABLE_MODULES = YES;
				CLANG_ENABLE_OBJC_ARC = YES;
				CLANG_ENABLE_OBJC_WEAK = YES;
				CLANG_WARN_BLOCK_CAPTURE_AUTORELEASING = YES;
				CLANG_WARN_BOOL_CONVERSION = YES;
				CLANG_WARN_COMMA = YES;
				CLANG_WARN_CONSTANT_CONVERSION = YES;
				CLANG_WARN_DEPRECATED_OBJC_IMPLEMENTATIONS = YES;
				CLANG_WARN_DIRECT_OBJC_ISA_USAGE = YES_ERROR;
				CLANG_WARN_DOCUMENTATION_COMMENTS = YES;
				CLANG_WARN_EMPTY_BODY = YES;
				CLANG_WARN_ENUM_CONVERSION = YES;
				CLANG_WARN_INFINITE_RECURSION = YES;
				CLANG_WARN_INT_CONVERSION = YES;
				CLANG_WARN_NON_LITERAL_NULL_CONVERSION = YES;
				CLANG_WARN_OBJC_IMPLICIT_RETAIN_SELF = YES;
				CLANG_WARN_OBJC_LITERAL_CONVERSION = YES;
				CLANG_WARN_OBJC_ROOT_CLASS = YES_ERROR;
				CLANG_WARN_QUOTED_INCLUDE_IN_FRAMEWORK_HEADER = YES;
				CLANG_WARN_RANGE_LOOP_ANALYSIS = YES;
				CLANG_WARN_STRICT_PROTOTYPES = YES;
				CLANG_WARN_SUSPICIOUS_MOVE = YES;
				CLANG_WARN_UNGUARDED_AVAILABILITY = YES_AGGRESSIVE;
				CLANG_WARN_UNREACHABLE_CODE = YES;
				CLANG_WARN__DUPLICATE_METHOD_MATCH = YES;
				COPY_PHASE_STRIP = NO;
				DEBUG_INFORMATION_FORMAT = dwarf;
				ENABLE_STRICT_OBJC_MSGSEND = YES;
				ENABLE_TESTABILITY = YES;
				ENABLE_USER_SCRIPT_SANDBOXING = YES;
				GCC_C_LANGUAGE_STANDARD = gnu17;
				GCC_DYNAMIC_NO_PIC = NO;
				GCC_NO_COMMON_BLOCKS = YES;
				GCC_OPTIMIZATION_LEVEL = 0;
				GCC_PREPROCESSOR_DEFINITIONS = (
					"DEBUG=1",
					"$(inherited)",
				);
				GCC_WARN_64_TO_32_BIT_CONVERSION = YES;
				GCC_WARN_ABOUT_RETURN_TYPE = YES_ERROR;
				GCC_WARN_UNDECLARED_SELECTOR = YES;
				GCC_WARN_UNINITIALIZED_AUTOS = YES_AGGRESSIVE;
				GCC_WARN_UNUSED_FUNCTION = YES;
				GCC_WARN_UNUSED_VARIABLE = YES;
				IPHONEOS_DEPLOYMENT_TARGET = 17.5;
				LOCALIZATION_PREFERS_STRING_CATALOGS = YES;
				MTL_ENABLE_DEBUG_INFO = INCLUDE_SOURCE;
				MTL_FAST_MATH = YES;
				ONLY_ACTIVE_ARCH = YES;
				SDKROOT = iphoneos;
			};
			name = Debug;
		};
		83EA6A0F2C13D8F50092F554 /* Release */ = {
			isa = XCBuildConfiguration;
			buildSettings = {
				ALWAYS_SEARCH_USER_PATHS = NO;
				ASSETCATALOG_COMPILER_GENERATE_SWIFT_ASSET_SYMBOL_EXTENSIONS = YES;
				CLANG_ANALYZER_NONNULL = YES;
				CLANG_ANALYZER_NUMBER_OBJECT_CONVERSION = YES_AGGRESSIVE;
				CLANG_CXX_LANGUAGE_STANDARD = "gnu++20";
				CLANG_ENABLE_MODULES = YES;
				CLANG_ENABLE_OBJC_ARC = YES;
				CLANG_ENABLE_OBJC_WEAK = YES;
				CLANG_WARN_BLOCK_CAPTURE_AUTORELEASING = YES;
				CLANG_WARN_BOOL_CONVERSION = YES;
				CLANG_WARN_COMMA = YES;
				CLANG_WARN_CONSTANT_CONVERSION = YES;
				CLANG_WARN_DEPRECATED_OBJC_IMPLEMENTATIONS = YES;
				CLANG_WARN_DIRECT_OBJC_ISA_USAGE = YES_ERROR;
				CLANG_WARN_DOCUMENTATION_COMMENTS = YES;
				CLANG_WARN_EMPTY_BODY = YES;
				CLANG_WARN_ENUM_CONVERSION = YES;
				CLANG_WARN_INFINITE_RECURSION = YES;
				CLANG_WARN_INT_CONVERSION = YES;
				CLANG_WARN_NON_LITERAL_NULL_CONVERSION = YES;
				CLANG_WARN_OBJC_IMPLICIT_RETAIN_SELF = YES;
				CLANG_WARN_OBJC_LITERAL_CONVERSION = YES;
				CLANG_WARN_OBJC_ROOT_CLASS = YES_ERROR;
				CLANG_WARN_QUOTED_INCLUDE_IN_FRAMEWORK_HEADER = YES;
				CLANG_WARN_RANGE_LOOP_ANALYSIS = YES;
				CLANG_WARN_STRICT_PROTOTYPES = YES;
				CLANG_WARN_SUSPICIOUS_MOVE = YES;
				CLANG_WARN_UNGUARDED_AVAILABILITY = YES_AGGRESSIVE;
				CLANG_WARN_UNREACHABLE_CODE = YES;
				CLANG_WARN__DUPLICATE_METHOD_MATCH = YES;
				COPY_PHASE_STRIP = NO;
				DEBUG_INFORMATION_FORMAT = "dwarf-with-dsym";
				ENABLE_NS_ASSERTIONS = NO;
				ENABLE_STRICT_OBJC_MSGSEND = YES;
				ENABLE_USER_SCRIPT_SANDBOXING = YES;
				GCC_C_LANGUAGE_STANDARD = gnu17;
				GCC_NO_COMMON_BLOCKS = YES;
				GCC_WARN_64_TO_32_BIT_CONVERSION = YES;
				GCC_WARN_ABOUT_RETURN_TYPE = YES_ERROR;
				GCC_WARN_UNDECLARED_SELECTOR = YES;
				GCC_WARN_UNINITIALIZED_AUTOS = YES_AGGRESSIVE;
				GCC_WARN_UNUSED_FUNCTION = YES;
				GCC_WARN_UNUSED_VARIABLE = YES;
				IPHONEOS_DEPLOYMENT_TARGET = 17.5;
				LOCALIZATION_PREFERS_STRING_CATALOGS = YES;
				MTL_ENABLE_DEBUG_INFO = NO;
				MTL_FAST_MATH = YES;
				SDKROOT = iphoneos;
				VALIDATE_PRODUCT = YES;
			};
			name = Release;
		};
		83EA6A112C13D8F50092F554 /* Debug */ = {
			isa = XCBuildConfiguration;
			buildSettings = {
				ASSETCATALOG_COMPILER_APPICON_NAME = AppIcon;
				ASSETCATALOG_COMPILER_GLOBAL_ACCENT_COLOR_NAME = AccentColor;
				CODE_SIGN_STYLE = Automatic;
				CURRENT_PROJECT_VERSION = 1;
				DEVELOPMENT_TEAM = NJ3JMFUNS9;
				GENERATE_INFOPLIST_FILE = YES;
				HEADER_SEARCH_PATHS = ..;
				INFOPLIST_KEY_NSLocalNetworkUsageDescription = "Exchange .rivs and .pngs with the python test harness";
				INFOPLIST_KEY_UIApplicationSupportsIndirectInputEvents = YES;
				INFOPLIST_KEY_UILaunchStoryboardName = LaunchScreen;
				INFOPLIST_KEY_UIMainStoryboardFile = Main;
				INFOPLIST_KEY_UIRequiredDeviceCapabilities = metal;
				INFOPLIST_KEY_UIStatusBarHidden = YES;
				INFOPLIST_KEY_UISupportedInterfaceOrientations_iPad = "UIInterfaceOrientationPortrait UIInterfaceOrientationPortraitUpsideDown UIInterfaceOrientationLandscapeLeft UIInterfaceOrientationLandscapeRight";
				INFOPLIST_KEY_UISupportedInterfaceOrientations_iPhone = "UIInterfaceOrientationPortrait UIInterfaceOrientationLandscapeLeft UIInterfaceOrientationLandscapeRight";
				IPHONEOS_DEPLOYMENT_TARGET = 13.0;
				LD_RUNPATH_SEARCH_PATHS = (
					"$(inherited)",
					"@executable_path/Frameworks",
				);
				LIBRARY_SEARCH_PATHS = "";
				"LIBRARY_SEARCH_PATHS[sdk=iphoneos*]" = ../out/ios_debug;
				"LIBRARY_SEARCH_PATHS[sdk=iphonesimulator*]" = ../out/iossim_universal_debug;
				MACH_O_TYPE = mh_execute;
				MARKETING_VERSION = 1.0;
				OTHER_LDFLAGS = "";
				"OTHER_LDFLAGS[sdk=iphoneos*]" = (
					"-lrive",
					"-lrive_sheenbidi",
					"-lrive_harfbuzz",
					"-lrive_yoga",
					"-lzlib",
					"-llibpng",
					"-lrive_decoders",
					"-lrive_pls_renderer",
					"-ltools_common",
					"-lgoldens",
					"-force_load",
					../out/ios_debug/libgms.a,
				);
				"OTHER_LDFLAGS[sdk=iphonesimulator*]" = (
					"-lrive",
					"-lrive_sheenbidi",
					"-lrive_harfbuzz",
					"-lrive_yoga",
					"-lzlib",
					"-llibpng",
					"-lrive_decoders",
					"-lrive_pls_renderer",
					"-ltools_common",
					"-lgoldens",
					"-force_load",
					../out/iossim_universal_debug/libgms.a,
				);
				PRODUCT_BUNDLE_IDENTIFIER = "rive.app.golden-test-app";
				PRODUCT_NAME = rive_ios_tests;
				SWIFT_EMIT_LOC_STRINGS = YES;
				TARGETED_DEVICE_FAMILY = "1,2";
			};
			name = Debug;
		};
		83EA6A122C13D8F50092F554 /* Release */ = {
			isa = XCBuildConfiguration;
			buildSettings = {
				ASSETCATALOG_COMPILER_APPICON_NAME = AppIcon;
				ASSETCATALOG_COMPILER_GLOBAL_ACCENT_COLOR_NAME = AccentColor;
				CODE_SIGN_STYLE = Automatic;
				CURRENT_PROJECT_VERSION = 1;
				DEVELOPMENT_TEAM = NJ3JMFUNS9;
				GENERATE_INFOPLIST_FILE = YES;
				HEADER_SEARCH_PATHS = ..;
				INFOPLIST_KEY_NSLocalNetworkUsageDescription = "Exchange .rivs and .pngs with the python test harness";
				INFOPLIST_KEY_UIApplicationSupportsIndirectInputEvents = YES;
				INFOPLIST_KEY_UILaunchStoryboardName = LaunchScreen;
				INFOPLIST_KEY_UIMainStoryboardFile = Main;
				INFOPLIST_KEY_UIRequiredDeviceCapabilities = metal;
				INFOPLIST_KEY_UIStatusBarHidden = YES;
				INFOPLIST_KEY_UISupportedInterfaceOrientations_iPad = "UIInterfaceOrientationPortrait UIInterfaceOrientationPortraitUpsideDown UIInterfaceOrientationLandscapeLeft UIInterfaceOrientationLandscapeRight";
				INFOPLIST_KEY_UISupportedInterfaceOrientations_iPhone = "UIInterfaceOrientationPortrait UIInterfaceOrientationLandscapeLeft UIInterfaceOrientationLandscapeRight";
				IPHONEOS_DEPLOYMENT_TARGET = 13.0;
				LD_RUNPATH_SEARCH_PATHS = (
					"$(inherited)",
					"@executable_path/Frameworks",
				);
				MACH_O_TYPE = mh_execute;
				MARKETING_VERSION = 1.0;
				OTHER_LDFLAGS = "";
				PRODUCT_BUNDLE_IDENTIFIER = "rive.app.golden-test-app";
				PRODUCT_NAME = rive_ios_tests;
				SWIFT_EMIT_LOC_STRINGS = YES;
				TARGETED_DEVICE_FAMILY = "1,2";
			};
			name = Release;
		};
/* End XCBuildConfiguration section */

/* Begin XCConfigurationList section */
		83EA69F02C13D8F40092F554 /* Build configuration list for PBXProject "ios_tests" */ = {
			isa = XCConfigurationList;
			buildConfigurations = (
				83EA6A0E2C13D8F50092F554 /* Debug */,
				83EA6A0F2C13D8F50092F554 /* Release */,
			);
			defaultConfigurationIsVisible = 0;
			defaultConfigurationName = Release;
		};
		83EA6A102C13D8F50092F554 /* Build configuration list for PBXNativeTarget "ios_tests" */ = {
			isa = XCConfigurationList;
			buildConfigurations = (
				83EA6A112C13D8F50092F554 /* Debug */,
				83EA6A122C13D8F50092F554 /* Release */,
			);
			defaultConfigurationIsVisible = 0;
			defaultConfigurationName = Release;
		};
/* End XCConfigurationList section */
	};
	rootObject = 83EA69ED2C13D8F40092F554 /* Project object */;
}
